// !$*UTF8*$!
{
	archiveVersion = 1;
	classes = {
	};
	objectVersion = 48;
	objects = {

/* Begin PBXBuildFile section */
		1B36AE1088BC0F0B3A870BAA /* Pods_SwiftStarter.framework in Frameworks */ = {isa = PBXBuildFile; fileRef = 2395F43D72CDCBCF45344085 /* Pods_SwiftStarter.framework */; };
		CD2F8AA420AFAB7000FADC08 /* AppDelegate.swift in Sources */ = {isa = PBXBuildFile; fileRef = CD2F8AA320AFAB7000FADC08 /* AppDelegate.swift */; };
		CD2F8AA620AFAB7000FADC08 /* ViewController.swift in Sources */ = {isa = PBXBuildFile; fileRef = CD2F8AA520AFAB7000FADC08 /* ViewController.swift */; };
		CD2F8AA920AFAB7000FADC08 /* Main.storyboard in Resources */ = {isa = PBXBuildFile; fileRef = CD2F8AA720AFAB7000FADC08 /* Main.storyboard */; };
		CD2F8AAB20AFAB7000FADC08 /* Assets.xcassets in Resources */ = {isa = PBXBuildFile; fileRef = CD2F8AAA20AFAB7000FADC08 /* Assets.xcassets */; };
		CD2F8AAE20AFAB7000FADC08 /* LaunchScreen.storyboard in Resources */ = {isa = PBXBuildFile; fileRef = CD2F8AAC20AFAB7000FADC08 /* LaunchScreen.storyboard */; };
		CD2F8ABD20AFADD600FADC08 /* NetworkService.swift in Sources */ = {isa = PBXBuildFile; fileRef = CD2F8ABC20AFADD600FADC08 /* NetworkService.swift */; };
		CD2F8AC520B0FDE100FADC08 /* Bindable.swift in Sources */ = {isa = PBXBuildFile; fileRef = CD2F8AC420B0FDE100FADC08 /* Bindable.swift */; };
		CD2F8AC720BA288200FADC08 /* Constants.swift in Sources */ = {isa = PBXBuildFile; fileRef = CD2F8AC620BA288200FADC08 /* Constants.swift */; };
		CD2F8AC920BA2AD100FADC08 /* RestaurantService.swift in Sources */ = {isa = PBXBuildFile; fileRef = CD2F8AC820BA2AD100FADC08 /* RestaurantService.swift */; };
		CD2F8ACB20BA319A00FADC08 /* Restaurant.swift in Sources */ = {isa = PBXBuildFile; fileRef = CD2F8ACA20BA319A00FADC08 /* Restaurant.swift */; };
		CD3E9E9320E1BE310061EA88 /* FirstViewController.swift in Sources */ = {isa = PBXBuildFile; fileRef = CD3E9E9120E1BE310061EA88 /* FirstViewController.swift */; };
		CD3E9E9420E1BE310061EA88 /* FirstViewController.xib in Resources */ = {isa = PBXBuildFile; fileRef = CD3E9E9220E1BE310061EA88 /* FirstViewController.xib */; };
/* End PBXBuildFile section */

/* Begin PBXFileReference section */
		2395F43D72CDCBCF45344085 /* Pods_SwiftStarter.framework */ = {isa = PBXFileReference; explicitFileType = wrapper.framework; includeInIndex = 0; path = Pods_SwiftStarter.framework; sourceTree = BUILT_PRODUCTS_DIR; };
		B5FC7597D827EB4F0C393776 /* Pods-SwiftStarter.release.xcconfig */ = {isa = PBXFileReference; includeInIndex = 1; lastKnownFileType = text.xcconfig; name = "Pods-SwiftStarter.release.xcconfig"; path = "Pods/Target Support Files/Pods-SwiftStarter/Pods-SwiftStarter.release.xcconfig"; sourceTree = "<group>"; };
		CD2F8AA020AFAB7000FADC08 /* SwiftStarter.app */ = {isa = PBXFileReference; explicitFileType = wrapper.application; includeInIndex = 0; path = SwiftStarter.app; sourceTree = BUILT_PRODUCTS_DIR; };
		CD2F8AA320AFAB7000FADC08 /* AppDelegate.swift */ = {isa = PBXFileReference; lastKnownFileType = sourcecode.swift; path = AppDelegate.swift; sourceTree = "<group>"; };
		CD2F8AA520AFAB7000FADC08 /* ViewController.swift */ = {isa = PBXFileReference; lastKnownFileType = sourcecode.swift; path = ViewController.swift; sourceTree = "<group>"; };
		CD2F8AA820AFAB7000FADC08 /* Base */ = {isa = PBXFileReference; lastKnownFileType = file.storyboard; name = Base; path = Base.lproj/Main.storyboard; sourceTree = "<group>"; };
		CD2F8AAA20AFAB7000FADC08 /* Assets.xcassets */ = {isa = PBXFileReference; lastKnownFileType = folder.assetcatalog; path = Assets.xcassets; sourceTree = "<group>"; };
		CD2F8AAD20AFAB7000FADC08 /* Base */ = {isa = PBXFileReference; lastKnownFileType = file.storyboard; name = Base; path = Base.lproj/LaunchScreen.storyboard; sourceTree = "<group>"; };
		CD2F8AAF20AFAB7000FADC08 /* Info.plist */ = {isa = PBXFileReference; lastKnownFileType = text.plist.xml; path = Info.plist; sourceTree = "<group>"; };
		CD2F8ABC20AFADD600FADC08 /* NetworkService.swift */ = {isa = PBXFileReference; lastKnownFileType = sourcecode.swift; path = NetworkService.swift; sourceTree = "<group>"; };
		CD2F8AC420B0FDE100FADC08 /* Bindable.swift */ = {isa = PBXFileReference; lastKnownFileType = sourcecode.swift; path = Bindable.swift; sourceTree = "<group>"; };
		CD2F8AC620BA288200FADC08 /* Constants.swift */ = {isa = PBXFileReference; lastKnownFileType = sourcecode.swift; path = Constants.swift; sourceTree = "<group>"; };
		CD2F8AC820BA2AD100FADC08 /* RestaurantService.swift */ = {isa = PBXFileReference; lastKnownFileType = sourcecode.swift; path = RestaurantService.swift; sourceTree = "<group>"; };
		CD2F8ACA20BA319A00FADC08 /* Restaurant.swift */ = {isa = PBXFileReference; lastKnownFileType = sourcecode.swift; path = Restaurant.swift; sourceTree = "<group>"; };
		CD3E9E9120E1BE310061EA88 /* FirstViewController.swift */ = {isa = PBXFileReference; lastKnownFileType = sourcecode.swift; path = FirstViewController.swift; sourceTree = "<group>"; };
		CD3E9E9220E1BE310061EA88 /* FirstViewController.xib */ = {isa = PBXFileReference; lastKnownFileType = file.xib; path = FirstViewController.xib; sourceTree = "<group>"; };
		D18F90F5F98B75FFDB478E5D /* Pods-SwiftStarter.debug.xcconfig */ = {isa = PBXFileReference; includeInIndex = 1; lastKnownFileType = text.xcconfig; name = "Pods-SwiftStarter.debug.xcconfig"; path = "Pods/Target Support Files/Pods-SwiftStarter/Pods-SwiftStarter.debug.xcconfig"; sourceTree = "<group>"; };
/* End PBXFileReference section */

/* Begin PBXFrameworksBuildPhase section */
		CD2F8A9D20AFAB7000FADC08 /* Frameworks */ = {
			isa = PBXFrameworksBuildPhase;
			buildActionMask = 2147483647;
			files = (
				1B36AE1088BC0F0B3A870BAA /* Pods_SwiftStarter.framework in Frameworks */,
			);
			runOnlyForDeploymentPostprocessing = 0;
		};
/* End PBXFrameworksBuildPhase section */

/* Begin PBXGroup section */
		598A0D6BB8E8F84D3C7B53DB /* Pods */ = {
			isa = PBXGroup;
			children = (
				D18F90F5F98B75FFDB478E5D /* Pods-SwiftStarter.debug.xcconfig */,
				B5FC7597D827EB4F0C393776 /* Pods-SwiftStarter.release.xcconfig */,
			);
			name = Pods;
			sourceTree = "<group>";
		};
		B7276EAC81987670BE3D6E1C /* Frameworks */ = {
			isa = PBXGroup;
			children = (
				2395F43D72CDCBCF45344085 /* Pods_SwiftStarter.framework */,
			);
			name = Frameworks;
			sourceTree = "<group>";
		};
		CD2F8A9720AFAB6F00FADC08 = {
			isa = PBXGroup;
			children = (
				CD2F8AA220AFAB7000FADC08 /* SwiftStarter */,
				CD2F8AA120AFAB7000FADC08 /* Products */,
				598A0D6BB8E8F84D3C7B53DB /* Pods */,
				B7276EAC81987670BE3D6E1C /* Frameworks */,
			);
			sourceTree = "<group>";
		};
		CD2F8AA120AFAB7000FADC08 /* Products */ = {
			isa = PBXGroup;
			children = (
				CD2F8AA020AFAB7000FADC08 /* SwiftStarter.app */,
			);
			name = Products;
			sourceTree = "<group>";
		};
		CD2F8AA220AFAB7000FADC08 /* SwiftStarter */ = {
			isa = PBXGroup;
			children = (
				CD2F8AC320B0FDB400FADC08 /* Helper */,
				CD2F8AB620AFAB8F00FADC08 /* Controller */,
				CD2F8AB520AFAB7800FADC08 /* View */,
				CD2F8AB720AFAB9F00FADC08 /* ViewModel */,
				CD2F8AB920AFAC0400FADC08 /* Model */,
				CD2F8AB820AFABA900FADC08 /* Service */,
				CD2F8AA320AFAB7000FADC08 /* AppDelegate.swift */,
				CD2F8AA520AFAB7000FADC08 /* ViewController.swift */,
				CD2F8AA720AFAB7000FADC08 /* Main.storyboard */,
				CD2F8AAA20AFAB7000FADC08 /* Assets.xcassets */,
				CD2F8AAC20AFAB7000FADC08 /* LaunchScreen.storyboard */,
				CD2F8AAF20AFAB7000FADC08 /* Info.plist */,
				CD2F8AC620BA288200FADC08 /* Constants.swift */,
			);
			path = SwiftStarter;
			sourceTree = "<group>";
		};
		CD2F8AB520AFAB7800FADC08 /* View */ = {
			isa = PBXGroup;
			children = (
			);
			path = View;
			sourceTree = "<group>";
		};
		CD2F8AB620AFAB8F00FADC08 /* Controller */ = {
			isa = PBXGroup;
			children = (
				CD3E9E9120E1BE310061EA88 /* FirstViewController.swift */,
				CD3E9E9220E1BE310061EA88 /* FirstViewController.xib */,
			);
			path = Controller;
			sourceTree = "<group>";
		};
		CD2F8AB720AFAB9F00FADC08 /* ViewModel */ = {
			isa = PBXGroup;
			children = (
			);
			path = ViewModel;
			sourceTree = "<group>";
		};
		CD2F8AB820AFABA900FADC08 /* Service */ = {
			isa = PBXGroup;
			children = (
				CD2F8ABC20AFADD600FADC08 /* NetworkService.swift */,
				CD2F8AC820BA2AD100FADC08 /* RestaurantService.swift */,
			);
			path = Service;
			sourceTree = "<group>";
		};
		CD2F8AB920AFAC0400FADC08 /* Model */ = {
			isa = PBXGroup;
			children = (
				CD2F8ACA20BA319A00FADC08 /* Restaurant.swift */,
			);
			path = Model;
			sourceTree = "<group>";
		};
		CD2F8AC320B0FDB400FADC08 /* Helper */ = {
			isa = PBXGroup;
			children = (
				CD2F8AC420B0FDE100FADC08 /* Bindable.swift */,
			);
			path = Helper;
			sourceTree = "<group>";
		};
/* End PBXGroup section */

/* Begin PBXNativeTarget section */
		CD2F8A9F20AFAB7000FADC08 /* SwiftStarter */ = {
			isa = PBXNativeTarget;
			buildConfigurationList = CD2F8AB220AFAB7000FADC08 /* Build configuration list for PBXNativeTarget "SwiftStarter" */;
			buildPhases = (
				385B53D6ECAEEA025A23D9AA /* [CP] Check Pods Manifest.lock */,
				CD2F8A9C20AFAB7000FADC08 /* Sources */,
				CD2F8A9D20AFAB7000FADC08 /* Frameworks */,
				CD2F8A9E20AFAB7000FADC08 /* Resources */,
				908F18B1DBC29A020DAC6F5C /* [CP] Embed Pods Frameworks */,
				372E1D9390085A5E295FA2EA /* [CP] Copy Pods Resources */,
			);
			buildRules = (
			);
			dependencies = (
			);
			name = SwiftStarter;
			productName = SwiftStarter;
			productReference = CD2F8AA020AFAB7000FADC08 /* SwiftStarter.app */;
			productType = "com.apple.product-type.application";
		};
/* End PBXNativeTarget section */

/* Begin PBXProject section */
		CD2F8A9820AFAB7000FADC08 /* Project object */ = {
			isa = PBXProject;
			attributes = {
				LastSwiftUpdateCheck = 0920;
				LastUpgradeCheck = 0920;
				ORGANIZATIONNAME = "Erick Manrique";
				TargetAttributes = {
					CD2F8A9F20AFAB7000FADC08 = {
						CreatedOnToolsVersion = 9.2;
						ProvisioningStyle = Automatic;
					};
				};
			};
			buildConfigurationList = CD2F8A9B20AFAB7000FADC08 /* Build configuration list for PBXProject "SwiftStarter" */;
			compatibilityVersion = "Xcode 8.0";
			developmentRegion = en;
			hasScannedForEncodings = 0;
			knownRegions = (
				en,
				Base,
			);
			mainGroup = CD2F8A9720AFAB6F00FADC08;
			productRefGroup = CD2F8AA120AFAB7000FADC08 /* Products */;
			projectDirPath = "";
			projectRoot = "";
			targets = (
				CD2F8A9F20AFAB7000FADC08 /* SwiftStarter */,
			);
		};
/* End PBXProject section */

/* Begin PBXResourcesBuildPhase section */
		CD2F8A9E20AFAB7000FADC08 /* Resources */ = {
			isa = PBXResourcesBuildPhase;
			buildActionMask = 2147483647;
			files = (
				CD2F8AAE20AFAB7000FADC08 /* LaunchScreen.storyboard in Resources */,
				CD2F8AAB20AFAB7000FADC08 /* Assets.xcassets in Resources */,
				CD2F8AA920AFAB7000FADC08 /* Main.storyboard in Resources */,
				CD3E9E9420E1BE310061EA88 /* FirstViewController.xib in Resources */,
			);
			runOnlyForDeploymentPostprocessing = 0;
		};
/* End PBXResourcesBuildPhase section */

/* Begin PBXShellScriptBuildPhase section */
		372E1D9390085A5E295FA2EA /* [CP] Copy Pods Resources */ = {
			isa = PBXShellScriptBuildPhase;
			buildActionMask = 2147483647;
			files = (
			);
			inputPaths = (
			);
			name = "[CP] Copy Pods Resources";
			outputPaths = (
			);
			runOnlyForDeploymentPostprocessing = 0;
			shellPath = /bin/sh;
			shellScript = "\"${SRCROOT}/Pods/Target Support Files/Pods-SwiftStarter/Pods-SwiftStarter-resources.sh\"\n";
			showEnvVarsInLog = 0;
		};
		385B53D6ECAEEA025A23D9AA /* [CP] Check Pods Manifest.lock */ = {
			isa = PBXShellScriptBuildPhase;
			buildActionMask = 2147483647;
			files = (
			);
			inputPaths = (
				"${PODS_PODFILE_DIR_PATH}/Podfile.lock",
				"${PODS_ROOT}/Manifest.lock",
			);
			name = "[CP] Check Pods Manifest.lock";
			outputPaths = (
				"$(DERIVED_FILE_DIR)/Pods-SwiftStarter-checkManifestLockResult.txt",
			);
			runOnlyForDeploymentPostprocessing = 0;
			shellPath = /bin/sh;
			shellScript = "diff \"${PODS_PODFILE_DIR_PATH}/Podfile.lock\" \"${PODS_ROOT}/Manifest.lock\" > /dev/null\nif [ $? != 0 ] ; then\n    # print error to STDERR\n    echo \"error: The sandbox is not in sync with the Podfile.lock. Run 'pod install' or update your CocoaPods installation.\" >&2\n    exit 1\nfi\n# This output is used by Xcode 'outputs' to avoid re-running this script phase.\necho \"SUCCESS\" > \"${SCRIPT_OUTPUT_FILE_0}\"\n";
			showEnvVarsInLog = 0;
		};
		908F18B1DBC29A020DAC6F5C /* [CP] Embed Pods Frameworks */ = {
			isa = PBXShellScriptBuildPhase;
			buildActionMask = 2147483647;
			files = (
			);
			inputPaths = (
				"${SRCROOT}/Pods/Target Support Files/Pods-SwiftStarter/Pods-SwiftStarter-frameworks.sh",
				"${BUILT_PRODUCTS_DIR}/Alamofire/Alamofire.framework",
			);
			name = "[CP] Embed Pods Frameworks";
			outputPaths = (
				"${TARGET_BUILD_DIR}/${FRAMEWORKS_FOLDER_PATH}/Alamofire.framework",
			);
			runOnlyForDeploymentPostprocessing = 0;
			shellPath = /bin/sh;
			shellScript = "\"${SRCROOT}/Pods/Target Support Files/Pods-SwiftStarter/Pods-SwiftStarter-frameworks.sh\"\n";
			showEnvVarsInLog = 0;
		};
/* End PBXShellScriptBuildPhase section */

/* Begin PBXSourcesBuildPhase section */
		CD2F8A9C20AFAB7000FADC08 /* Sources */ = {
			isa = PBXSourcesBuildPhase;
			buildActionMask = 2147483647;
			files = (
				CD2F8AA620AFAB7000FADC08 /* ViewController.swift in Sources */,
				CD2F8AC520B0FDE100FADC08 /* Bindable.swift in Sources */,
				CD2F8AA420AFAB7000FADC08 /* AppDelegate.swift in Sources */,
				CD3E9E9320E1BE310061EA88 /* FirstViewController.swift in Sources */,
				CD2F8ACB20BA319A00FADC08 /* Restaurant.swift in Sources */,
				CD2F8AC720BA288200FADC08 /* Constants.swift in Sources */,
				CD2F8AC920BA2AD100FADC08 /* RestaurantService.swift in Sources */,
				CD2F8ABD20AFADD600FADC08 /* NetworkService.swift in Sources */,
			);
			runOnlyForDeploymentPostprocessing = 0;
		};
/* End PBXSourcesBuildPhase section */

/* Begin PBXVariantGroup section */
		CD2F8AA720AFAB7000FADC08 /* Main.storyboard */ = {
			isa = PBXVariantGroup;
			children = (
				CD2F8AA820AFAB7000FADC08 /* Base */,
			);
			name = Main.storyboard;
			sourceTree = "<group>";
		};
		CD2F8AAC20AFAB7000FADC08 /* LaunchScreen.storyboard */ = {
			isa = PBXVariantGroup;
			children = (
				CD2F8AAD20AFAB7000FADC08 /* Base */,
			);
			name = LaunchScreen.storyboard;
			sourceTree = "<group>";
		};
/* End PBXVariantGroup section */

/* Begin XCBuildConfiguration section */
		CD2F8AB020AFAB7000FADC08 /* Debug */ = {
			isa = XCBuildConfiguration;
			buildSettings = {
				ALWAYS_SEARCH_USER_PATHS = NO;
				CLANG_ANALYZER_NONNULL = YES;
				CLANG_ANALYZER_NUMBER_OBJECT_CONVERSION = YES_AGGRESSIVE;
				CLANG_CXX_LANGUAGE_STANDARD = "gnu++14";
				CLANG_CXX_LIBRARY = "libc++";
				CLANG_ENABLE_MODULES = YES;
				CLANG_ENABLE_OBJC_ARC = YES;
				CLANG_WARN_BLOCK_CAPTURE_AUTORELEASING = YES;
				CLANG_WARN_BOOL_CONVERSION = YES;
				CLANG_WARN_COMMA = YES;
				CLANG_WARN_CONSTANT_CONVERSION = YES;
				CLANG_WARN_DIRECT_OBJC_ISA_USAGE = YES_ERROR;
				CLANG_WARN_DOCUMENTATION_COMMENTS = YES;
				CLANG_WARN_EMPTY_BODY = YES;
				CLANG_WARN_ENUM_CONVERSION = YES;
				CLANG_WARN_INFINITE_RECURSION = YES;
				CLANG_WARN_INT_CONVERSION = YES;
				CLANG_WARN_NON_LITERAL_NULL_CONVERSION = YES;
				CLANG_WARN_OBJC_LITERAL_CONVERSION = YES;
				CLANG_WARN_OBJC_ROOT_CLASS = YES_ERROR;
				CLANG_WARN_RANGE_LOOP_ANALYSIS = YES;
				CLANG_WARN_STRICT_PROTOTYPES = YES;
				CLANG_WARN_SUSPICIOUS_MOVE = YES;
				CLANG_WARN_UNGUARDED_AVAILABILITY = YES_AGGRESSIVE;
				CLANG_WARN_UNREACHABLE_CODE = YES;
				CLANG_WARN__DUPLICATE_METHOD_MATCH = YES;
				CODE_SIGN_IDENTITY = "iPhone Developer";
				COPY_PHASE_STRIP = NO;
				DEBUG_INFORMATION_FORMAT = dwarf;
				ENABLE_STRICT_OBJC_MSGSEND = YES;
				ENABLE_TESTABILITY = YES;
				GCC_C_LANGUAGE_STANDARD = gnu11;
				GCC_DYNAMIC_NO_PIC = NO;
				GCC_NO_COMMON_BLOCKS = YES;
				GCC_OPTIMIZATION_LEVEL = 0;
				GCC_PREPROCESSOR_DEFINITIONS = (
					"DEBUG=1",
					"$(inherited)",
				);
				GCC_WARN_64_TO_32_BIT_CONVERSION = YES;
				GCC_WARN_ABOUT_RETURN_TYPE = YES_ERROR;
				GCC_WARN_UNDECLARED_SELECTOR = YES;
				GCC_WARN_UNINITIALIZED_AUTOS = YES_AGGRESSIVE;
				GCC_WARN_UNUSED_FUNCTION = YES;
				GCC_WARN_UNUSED_VARIABLE = YES;
				IPHONEOS_DEPLOYMENT_TARGET = 11.2;
				MTL_ENABLE_DEBUG_INFO = YES;
				ONLY_ACTIVE_ARCH = YES;
				SDKROOT = iphoneos;
				SWIFT_ACTIVE_COMPILATION_CONDITIONS = DEBUG;
				SWIFT_OPTIMIZATION_LEVEL = "-Onone";
			};
			name = Debug;
		};
		CD2F8AB120AFAB7000FADC08 /* Release */ = {
			isa = XCBuildConfiguration;
			buildSettings = {
				ALWAYS_SEARCH_USER_PATHS = NO;
				CLANG_ANALYZER_NONNULL = YES;
				CLANG_ANALYZER_NUMBER_OBJECT_CONVERSION = YES_AGGRESSIVE;
				CLANG_CXX_LANGUAGE_STANDARD = "gnu++14";
				CLANG_CXX_LIBRARY = "libc++";
				CLANG_ENABLE_MODULES = YES;
				CLANG_ENABLE_OBJC_ARC = YES;
				CLANG_WARN_BLOCK_CAPTURE_AUTORELEASING = YES;
				CLANG_WARN_BOOL_CONVERSION = YES;
				CLANG_WARN_COMMA = YES;
				CLANG_WARN_CONSTANT_CONVERSION = YES;
				CLANG_WARN_DIRECT_OBJC_ISA_USAGE = YES_ERROR;
				CLANG_WARN_DOCUMENTATION_COMMENTS = YES;
				CLANG_WARN_EMPTY_BODY = YES;
				CLANG_WARN_ENUM_CONVERSION = YES;
				CLANG_WARN_INFINITE_RECURSION = YES;
				CLANG_WARN_INT_CONVERSION = YES;
				CLANG_WARN_NON_LITERAL_NULL_CONVERSION = YES;
				CLANG_WARN_OBJC_LITERAL_CONVERSION = YES;
				CLANG_WARN_OBJC_ROOT_CLASS = YES_ERROR;
				CLANG_WARN_RANGE_LOOP_ANALYSIS = YES;
				CLANG_WARN_STRICT_PROTOTYPES = YES;
				CLANG_WARN_SUSPICIOUS_MOVE = YES;
				CLANG_WARN_UNGUARDED_AVAILABILITY = YES_AGGRESSIVE;
				CLANG_WARN_UNREACHABLE_CODE = YES;
				CLANG_WARN__DUPLICATE_METHOD_MATCH = YES;
				CODE_SIGN_IDENTITY = "iPhone Developer";
				COPY_PHASE_STRIP = NO;
				DEBUG_INFORMATION_FORMAT = "dwarf-with-dsym";
				ENABLE_NS_ASSERTIONS = NO;
				ENABLE_STRICT_OBJC_MSGSEND = YES;
				GCC_C_LANGUAGE_STANDARD = gnu11;
				GCC_NO_COMMON_BLOCKS = YES;
				GCC_WARN_64_TO_32_BIT_CONVERSION = YES;
				GCC_WARN_ABOUT_RETURN_TYPE = YES_ERROR;
				GCC_WARN_UNDECLARED_SELECTOR = YES;
				GCC_WARN_UNINITIALIZED_AUTOS = YES_AGGRESSIVE;
				GCC_WARN_UNUSED_FUNCTION = YES;
				GCC_WARN_UNUSED_VARIABLE = YES;
				IPHONEOS_DEPLOYMENT_TARGET = 11.2;
				MTL_ENABLE_DEBUG_INFO = NO;
				SDKROOT = iphoneos;
				SWIFT_OPTIMIZATION_LEVEL = "-Owholemodule";
				VALIDATE_PRODUCT = YES;
			};
			name = Release;
		};
		CD2F8AB320AFAB7000FADC08 /* Debug */ = {
			isa = XCBuildConfiguration;
			baseConfigurationReference = D18F90F5F98B75FFDB478E5D /* Pods-SwiftStarter.debug.xcconfig */;
			buildSettings = {
				ASSETCATALOG_COMPILER_APPICON_NAME = AppIcon;
				CODE_SIGN_STYLE = Automatic;
				DEVELOPMENT_TEAM = 8R3688592C;
				INFOPLIST_FILE = SwiftStarter/Info.plist;
				LD_RUNPATH_SEARCH_PATHS = "$(inherited) @executable_path/Frameworks";
				PRODUCT_BUNDLE_IDENTIFIER = com.apps.SwiftStarter;
				PRODUCT_NAME = "$(TARGET_NAME)";
				SWIFT_VERSION = 4.0;
				TARGETED_DEVICE_FAMILY = "1,2";
			};
			name = Debug;
		};
		CD2F8AB420AFAB7000FADC08 /* Release */ = {
			isa = XCBuildConfiguration;
			baseConfigurationReference = B5FC7597D827EB4F0C393776 /* Pods-SwiftStarter.release.xcconfig */;
			buildSettings = {
				ASSETCATALOG_COMPILER_APPICON_NAME = AppIcon;
				CODE_SIGN_STYLE = Automatic;
				DEVELOPMENT_TEAM = 8R3688592C;
				INFOPLIST_FILE = SwiftStarter/Info.plist;
				LD_RUNPATH_SEARCH_PATHS = "$(inherited) @executable_path/Frameworks";
				PRODUCT_BUNDLE_IDENTIFIER = com.apps.SwiftStarter;
				PRODUCT_NAME = "$(TARGET_NAME)";
				SWIFT_VERSION = 4.0;
				TARGETED_DEVICE_FAMILY = "1,2";
			};
			name = Release;
		};
/* End XCBuildConfiguration section */

/* Begin XCConfigurationList section */
		CD2F8A9B20AFAB7000FADC08 /* Build configuration list for PBXProject "SwiftStarter" */ = {
			isa = XCConfigurationList;
			buildConfigurations = (
				CD2F8AB020AFAB7000FADC08 /* Debug */,
				CD2F8AB120AFAB7000FADC08 /* Release */,
			);
			defaultConfigurationIsVisible = 0;
			defaultConfigurationName = Release;
		};
		CD2F8AB220AFAB7000FADC08 /* Build configuration list for PBXNativeTarget "SwiftStarter" */ = {
			isa = XCConfigurationList;
			buildConfigurations = (
				CD2F8AB320AFAB7000FADC08 /* Debug */,
				CD2F8AB420AFAB7000FADC08 /* Release */,
			);
			defaultConfigurationIsVisible = 0;
			defaultConfigurationName = Release;
		};
/* End XCConfigurationList section */
	};
	rootObject = CD2F8A9820AFAB7000FADC08 /* Project object */;
}
